{
  "name": "smart",
  "requires": true,
  "lockfileVersion": 1,
  "dependencies": {
    "bootstrap": {
      "version": "3.4.0"
    },
    "bootstrap-sass": {
      "version": "3.4.0",
      "resolved": "http://registry.npm.taobao.org/bootstrap-sass/download/bootstrap-sass-3.4.0.tgz",
      "integrity": "sha1-scMwpWeCNH9ibTHUl/pK6haz+Zs="
    },
    "font-awesome": {
      "version": "4.7.0"
    },
    "pace-js": {
      "version": "1.0.2"
    }
  }
}
