{
    "name": "colors",
    "version": "8.4.1",
    "lockfileVersion": 1,
    "requires": true,
    "dependencies": {
        "bootstrap": {
            "version": "4.1.3",
            "resolved": "http://registry.npm.taobao.org/bootstrap/download/bootstrap-4.1.3.tgz",
            "integrity": "sha1-DrNxryyESOjCEEEdDLgkpkCaEr4="
        },
        "mdbootstrap": {
            "version": "4.5.14",
            "resolved": "http://registry.npm.taobao.org/mdbootstrap/download/mdbootstrap-4.5.14.tgz",
            "integrity": "sha1-OZKrouNqLAuM9/ICyz5/PeNnwVM="
        }
    }
}
