# THIS IS AN AUTOGENERATED FILE. DO NOT EDIT THIS FILE DIRECTLY.
# yarn lockfile v1


bootstrap@^4.3.0:
  version "4.3.0"
  resolved "https://registry.yarnpkg.com/bootstrap/-/bootstrap-4.3.0.tgz#2559ccb8d45426ac6c54db23eb3d1c9f4257fa22"
  integrity sha512-M0vqY0Z6UDweV2nLFl5dXcb+GIo53EBCGMMVxCGH5vJxl/jsr+HkULBMd4kn9rdpdBZwd3BduCgMOYOwJybo4Q==

font-awesome@^4.7.0:
  version "4.7.0"
  resolved "https://registry.yarnpkg.com/font-awesome/-/font-awesome-4.7.0.tgz#8fa8cf0411a1a31afd07b06d2902bb9fc815a133"
  integrity sha1-j6jPBBGhoxr9B7BtKQK7n8gVoTM=

metismenu@^3.0.3:
  version "3.0.3"
  resolved "https://registry.yarnpkg.com/metismenu/-/metismenu-3.0.3.tgz#961e4c9469144d5078f6228b6e049e58f3137140"
  integrity sha512-nd3+yxSivGG0a5JZJxzlbXQv9aovf1yLjIYfa/s49PrvgTLlJsoe90kw9RbA6RPbPatJxENX0CegX4Hlbfaw8w==

pace-js@^1.0.2:
  version "1.0.2"
  resolved "https://registry.yarnpkg.com/pace-js/-/pace-js-1.0.2.tgz#673a717f833ccb4f4315531b75ee4788376600f7"
  integrity sha1-Zzpxf4M8y09DFVMbde5HiDdmAPc=
