langcode: en
status: true
dependencies:
  module:
    - message_plus
  theme:
    - smart
id: messageiconblock
theme: smart
region: header
weight: -3
provider: null
plugin: message_icon_block
settings:
  id: message_icon_block
  label: 'Message icon block'
  provider: message_plus
  label_display: '0'
visibility: {  }
